{
  "name": "spine.ts",
  "version": "1.0.0",
  "lockfileVersion": 1,
  "dependencies": {
    "@types/systemjs": {
      "version": "0.19.33",
      "resolved": "https://registry.npmjs.org/@types/systemjs/-/systemjs-0.19.33.tgz",
      "integrity": "sha1-R8R+djmGe2aUvrP2DE9TrVXrGxM="
    },
    "plugin-typescript": {
      "version": "5.3.3",
      "resolved": "https://registry.npmjs.org/plugin-typescript/-/plugin-typescript-5.3.3.tgz",
      "integrity": "sha1-uefShE+mxmGY9/cvRPDfhhp1/OQ="
    },
    "systemjs": {
      "version": "0.20.14",
      "resolved": "https://registry.npmjs.org/systemjs/-/systemjs-0.20.14.tgz",
      "integrity": "sha512-emxZNtgvuJgdTS5dWvq6kgbeY8aDunNTasMWCu6JTxlfS4nSyJ6++YdN07fdoMFpSExOXvcdneFuwLC5LhXGng=="
    },
    "typescript": {
      "version": "2.3.4",
      "resolved": "https://registry.npmjs.org/typescript/-/typescript-2.3.4.tgz",
      "integrity": "sha1-PTgyGCgjHkNPKHUUlZw3qCtin0I="
    }
  }
}
